{
  "version": 4,
  "terraform_version": "1.12.2",
  "serial": 28,
  "lineage": "d7dd25a0-d258-57dd-bde0-004bd2a021fa",
  "outputs": {},
  "resources": [
    {
      "module": "module.governance",
      "mode": "managed",
      "type": "kubernetes_limit_range_v1",
      "name": "limits",
      "provider": "provider[\"registry.terraform.io/hashicorp/kubernetes\"]",
      "instances": [
        {
          "schema_version": 0,
          "attributes": {
            "id": "employeeprofileapp-dev/employee-limits",
            "metadata": [
              {
                "annotations": null,
                "generate_name": "",
                "generation": 0,
                "labels": null,
                "name": "employee-limits",
                "namespace": "employeeprofileapp-dev",
                "resource_version": "66146",
                "uid": "6d402641-2ccd-4411-8f2e-f74dda11caca"
              }
            ],
            "spec": [
              {
                "limit": [
                  {
                    "default": {
                      "cpu": "1",
                      "memory": "1Gi"
                    },
                    "default_request": {
                      "cpu": "1",
                      "memory": "1Gi"
                    },
                    "max": {
                      "cpu": "1",
                      "memory": "1Gi"
                    },
                    "max_limit_request_ratio": null,
                    "min": {
                      "cpu": "100m",
                      "memory": "128Mi"
                    },
                    "type": "Container"
                  }
                ]
              }
            ]
          },
          "sensitive_attributes": [],
          "identity_schema_version": 0,
          "private": "bnVsbA==",
          "dependencies": [
            "module.namespace.kubernetes_namespace_v1.employee_ns"
          ]
        }
      ]
    },
    {
      "module": "module.governance",
      "mode": "managed",
      "type": "kubernetes_resource_quota_v1",
      "name": "quota",
      "provider": "provider[\"registry.terraform.io/hashicorp/kubernetes\"]",
      "instances": [
        {
          "schema_version": 0,
          "attributes": {
            "id": "employeeprofileapp-dev/employee-quota",
            "metadata": [
              {
                "annotations": null,
                "generate_name": "",
                "generation": 0,
                "labels": null,
                "name": "employee-quota",
                "namespace": "employeeprofileapp-dev",
                "resource_version": "66150",
                "uid": "843997d7-96d0-4af2-9fa0-29d08bc68e0e"
              }
            ],
            "spec": [
              {
                "hard": {
                  "limits.cpu": "1",
                  "limits.memory": "1Gi",
                  "pods": "6",
                  "requests.cpu": "500m",
                  "requests.memory": "512Mi"
                },
                "scope_selector": [],
                "scopes": null
              }
            ],
            "timeouts": null
          },
          "sensitive_attributes": [],
          "identity_schema_version": 0,
          "private": "eyJlMmJmYjczMC1lY2FhLTExZTYtOGY4OC0zNDM2M2JjN2M0YzAiOnsiY3JlYXRlIjo2MDAwMDAwMDAwMCwidXBkYXRlIjo2MDAwMDAwMDAwMH19",
          "dependencies": [
            "module.namespace.kubernetes_namespace_v1.employee_ns"
          ]
        }
      ]
    },
    {
      "module": "module.ingress",
      "mode": "managed",
      "type": "kubernetes_ingress_v1",
      "name": "employee_ingress",
      "provider": "provider[\"registry.terraform.io/hashicorp/kubernetes\"]",
      "instances": [
        {
          "schema_version": 0,
          "attributes": {
            "id": "employeeprofileapp-dev/employee-ingress",
            "metadata": [
              {
                "annotations": null,
                "generate_name": "",
                "generation": 1,
                "labels": null,
                "name": "employee-ingress",
                "namespace": "employeeprofileapp-dev",
                "resource_version": "66151",
                "uid": "02956bd5-d568-4027-a6ab-8f90e308f3cb"
              }
            ],
            "spec": [
              {
                "default_backend": [],
                "ingress_class_name": "nginx",
                "rule": [
                  {
                    "host": "dev.employee.local",
                    "http": [
                      {
                        "path": [
                          {
                            "backend": [
                              {
                                "resource": [],
                                "service": [
                                  {
                                    "name": "employeeprofileapp-dev-employeeprofileapp",
                                    "port": [
                                      {
                                        "name": "",
                                        "number": 80
                                      }
                                    ]
                                  }
                                ]
                              }
                            ],
                            "path": "/",
                            "path_type": "Prefix"
                          }
                        ]
                      }
                    ]
                  }
                ],
                "tls": []
              }
            ],
            "status": [
              {
                "load_balancer": [
                  {
                    "ingress": []
                  }
                ]
              }
            ],
            "timeouts": null,
            "wait_for_load_balancer": null
          },
          "sensitive_attributes": [],
          "identity_schema_version": 1,
          "identity": {
            "api_version": "networking.k8s.io/v1",
            "kind": "Ingress",
            "name": "employee-ingress",
            "namespace": "employeeprofileapp-dev"
          },
          "private": "eyJlMmJmYjczMC1lY2FhLTExZTYtOGY4OC0zNDM2M2JjN2M0YzAiOnsiY3JlYXRlIjoxMjAwMDAwMDAwMDAwLCJkZWxldGUiOjEyMDAwMDAwMDAwMDB9fQ==",
          "dependencies": [
            "module.namespace.kubernetes_namespace_v1.employee_ns"
          ]
        }
      ]
    },
    {
      "module": "module.namespace",
      "mode": "managed",
      "type": "kubernetes_namespace_v1",
      "name": "employee_ns",
      "provider": "provider[\"registry.terraform.io/hashicorp/kubernetes\"]",
      "instances": [
        {
          "schema_version": 0,
          "attributes": {
            "id": "employeeprofileapp-dev",
            "metadata": [
              {
                "annotations": null,
                "generate_name": "",
                "generation": 0,
                "labels": {
                  "app": "employeeprofileapp",
                  "environment": "dev"
                },
                "name": "employeeprofileapp-dev",
                "resource_version": "66141",
                "uid": "42a7db4a-5c46-4394-a34e-722b57a216e0"
              }
            ],
            "timeouts": null,
            "wait_for_default_service_account": false
          },
          "sensitive_attributes": [],
          "identity_schema_version": 1,
          "identity": {
            "api_version": "v1",
            "kind": "Namespace",
            "name": "employeeprofileapp-dev"
          },
          "private": "eyJlMmJmYjczMC1lY2FhLTExZTYtOGY4OC0zNDM2M2JjN2M0YzAiOnsiZGVsZXRlIjozMDAwMDAwMDAwMDB9fQ=="
        }
      ]
    },
    {
      "module": "module.rbac",
      "mode": "managed",
      "type": "kubernetes_role_binding_v1",
      "name": "app_binding",
      "provider": "provider[\"registry.terraform.io/hashicorp/kubernetes\"]",
      "instances": [
        {
          "schema_version": 0,
          "attributes": {
            "id": "employeeprofileapp-dev/employee-role-binding",
            "metadata": [
              {
                "annotations": null,
                "generate_name": "",
                "generation": 0,
                "labels": null,
                "name": "employee-role-binding",
                "namespace": "employeeprofileapp-dev",
                "resource_version": "66149",
                "uid": "3f26dba7-85a8-436c-afaa-87468621c0de"
              }
            ],
            "role_ref": [
              {
                "api_group": "rbac.authorization.k8s.io",
                "kind": "Role",
                "name": "employee-role"
              }
            ],
            "subject": [
              {
                "api_group": "",
                "kind": "ServiceAccount",
                "name": "employee-sa",
                "namespace": "employeeprofileapp-dev"
              }
            ]
          },
          "sensitive_attributes": [],
          "identity_schema_version": 1,
          "identity": {
            "api_version": "rbac.authorization.k8s.io/v1",
            "kind": "RoleBinding",
            "name": "employee-role-binding",
            "namespace": "employeeprofileapp-dev"
          },
          "private": "bnVsbA==",
          "dependencies": [
            "module.namespace.kubernetes_namespace_v1.employee_ns"
          ]
        }
      ]
    },
    {
      "module": "module.rbac",
      "mode": "managed",
      "type": "kubernetes_role_v1",
      "name": "app_role",
      "provider": "provider[\"registry.terraform.io/hashicorp/kubernetes\"]",
      "instances": [
        {
          "schema_version": 0,
          "attributes": {
            "id": "employeeprofileapp-dev/employee-role",
            "metadata": [
              {
                "annotations": null,
                "generate_name": "",
                "generation": 0,
                "labels": null,
                "name": "employee-role",
                "namespace": "employeeprofileapp-dev",
                "resource_version": "66147",
                "uid": "63897e45-d8e1-400d-91b7-e76c165beff6"
              }
            ],
            "rule": [
              {
                "api_groups": [
                  ""
                ],
                "resource_names": null,
                "resources": [
                  "configmaps",
                  "pods",
                  "secrets",
                  "services"
                ],
                "verbs": [
                  "get",
                  "list",
                  "watch"
                ]
              }
            ]
          },
          "sensitive_attributes": [],
          "identity_schema_version": 1,
          "identity": {
            "api_version": "rbac.authorization.k8s.io/v1",
            "kind": "Role",
            "name": "employee-role",
            "namespace": "employeeprofileapp-dev"
          },
          "private": "bnVsbA==",
          "dependencies": [
            "module.namespace.kubernetes_namespace_v1.employee_ns"
          ]
        }
      ]
    },
    {
      "module": "module.rbac",
      "mode": "managed",
      "type": "kubernetes_service_account_v1",
      "name": "app_sa",
      "provider": "provider[\"registry.terraform.io/hashicorp/kubernetes\"]",
      "instances": [
        {
          "schema_version": 0,
          "attributes": {
            "automount_service_account_token": true,
            "default_secret_name": "",
            "id": "employeeprofileapp-dev/employee-sa",
            "image_pull_secret": [],
            "metadata": [
              {
                "annotations": null,
                "generate_name": "",
                "generation": 0,
                "labels": null,
                "name": "employee-sa",
                "namespace": "employeeprofileapp-dev",
                "resource_version": "66148",
                "uid": "0db40bc4-85da-408c-8446-87de903c38fa"
              }
            ],
            "secret": [],
            "timeouts": null
          },
          "sensitive_attributes": [],
          "identity_schema_version": 1,
          "identity": {
            "api_version": "v1",
            "kind": "ServiceAccount",
            "name": "employee-sa",
            "namespace": "employeeprofileapp-dev"
          },
          "private": "eyJlMmJmYjczMC1lY2FhLTExZTYtOGY4OC0zNDM2M2JjN2M0YzAiOnsiY3JlYXRlIjozMDAwMDAwMDAwMH19",
          "dependencies": [
            "module.namespace.kubernetes_namespace_v1.employee_ns"
          ]
        }
      ]
    },
    {
      "module": "module.secret",
      "mode": "managed",
      "type": "kubernetes_secret",
      "name": "db_secret",
      "provider": "provider[\"registry.terraform.io/hashicorp/kubernetes\"]",
      "instances": [
        {
          "schema_version": 0,
          "attributes": {
            "binary_data": null,
            "binary_data_wo": null,
            "binary_data_wo_revision": null,
            "data": {
              "DB_PASSWORD": "RGV2UGFzc3dvcmQxMjM="
            },
            "data_wo": null,
            "data_wo_revision": null,
            "id": "employeeprofileapp-dev/employee-db-secret",
            "immutable": false,
            "metadata": [
              {
                "annotations": null,
                "generate_name": "",
                "generation": 0,
                "labels": null,
                "name": "employee-db-secret",
                "namespace": "employeeprofileapp-dev",
                "resource_version": "66145",
                "uid": "55618780-3e4d-4f0a-8e9f-7561270df775"
              }
            ],
            "timeouts": null,
            "type": "Opaque",
            "wait_for_service_account_token": true
          },
          "sensitive_attributes": [
            [
              {
                "type": "get_attr",
                "value": "binary_data"
              }
            ],
            [
              {
                "type": "get_attr",
                "value": "data"
              }
            ],
            [
              {
                "type": "get_attr",
                "value": "metadata"
              },
              {
                "type": "index",
                "value": {
                  "value": 0,
                  "type": "number"
                }
              },
              {
                "type": "get_attr",
                "value": "name"
              }
            ]
          ],
          "identity_schema_version": 1,
          "identity": {
            "api_version": "v1",
            "kind": "Secret",
            "name": "employee-db-secret",
            "namespace": "employeeprofileapp-dev"
          },
          "private": "eyJlMmJmYjczMC1lY2FhLTExZTYtOGY4OC0zNDM2M2JjN2M0YzAiOnsiY3JlYXRlIjo2MDAwMDAwMDAwMH19",
          "dependencies": [
            "module.namespace.kubernetes_namespace_v1.employee_ns"
          ]
        }
      ]
    }
  ],
  "check_results": null
}
