{
  "version": 4,
  "terraform_version": "1.12.2",
  "serial": 9,
  "lineage": "d6079576-2995-8d47-943c-54a45bbdd8c4",
  "outputs": {},
  "resources": [
    {
      "module": "module.governance",
      "mode": "managed",
      "type": "kubernetes_limit_range_v1",
      "name": "limits",
      "provider": "provider[\"registry.terraform.io/hashicorp/kubernetes\"]",
      "instances": [
        {
          "schema_version": 0,
          "attributes": {
            "id": "employeeprofileapp-dev/employee-limits",
            "metadata": [
              {
                "annotations": null,
                "generate_name": "",
                "generation": 0,
                "labels": null,
                "name": "employee-limits",
                "namespace": "employeeprofileapp-dev",
                "resource_version": "109662",
                "uid": "7ff896e6-18f3-4b0a-bee0-416467a4fa69"
              }
            ],
            "spec": [
              {
                "limit": [
                  {
                    "default": {
                      "cpu": "1",
                      "memory": "1Gi"
                    },
                    "default_request": {
                      "cpu": "1",
                      "memory": "1Gi"
                    },
                    "max": {
                      "cpu": "1",
                      "memory": "1Gi"
                    },
                    "max_limit_request_ratio": null,
                    "min": {
                      "cpu": "100m",
                      "memory": "128Mi"
                    },
                    "type": "Container"
                  }
                ]
              }
            ]
          },
          "sensitive_attributes": [],
          "identity_schema_version": 0,
          "private": "bnVsbA==",
          "dependencies": [
            "module.namespace.kubernetes_namespace_v1.employee_ns"
          ]
        }
      ]
    },
    {
      "module": "module.governance",
      "mode": "managed",
      "type": "kubernetes_resource_quota_v1",
      "name": "quota",
      "provider": "provider[\"registry.terraform.io/hashicorp/kubernetes\"]",
      "instances": [
        {
          "schema_version": 0,
          "attributes": {
            "id": "employeeprofileapp-dev/employee-quota",
            "metadata": [
              {
                "annotations": null,
                "generate_name": "",
                "generation": 0,
                "labels": null,
                "name": "employee-quota",
                "namespace": "employeeprofileapp-dev",
                "resource_version": "109665",
                "uid": "6736343d-3f81-414b-9b0b-f21396e7ff10"
              }
            ],
            "spec": [
              {
                "hard": {
                  "limits.cpu": "4",
                  "limits.memory": "4Gi",
                  "pods": "10",
                  "requests.cpu": "2",
                  "requests.memory": "2Gi"
                },
                "scope_selector": [],
                "scopes": null
              }
            ],
            "timeouts": null
          },
          "sensitive_attributes": [],
          "identity_schema_version": 0,
          "private": "eyJlMmJmYjczMC1lY2FhLTExZTYtOGY4OC0zNDM2M2JjN2M0YzAiOnsiY3JlYXRlIjo2MDAwMDAwMDAwMCwidXBkYXRlIjo2MDAwMDAwMDAwMH19",
          "dependencies": [
            "module.namespace.kubernetes_namespace_v1.employee_ns"
          ]
        }
      ]
    },
    {
      "module": "module.ingress",
      "mode": "managed",
      "type": "kubernetes_ingress_v1",
      "name": "employee_ingress",
      "provider": "provider[\"registry.terraform.io/hashicorp/kubernetes\"]",
      "instances": [
        {
          "schema_version": 0,
          "attributes": {
            "id": "employeeprofileapp-dev/employee-ingress",
            "metadata": [
              {
                "annotations": null,
                "generate_name": "",
                "generation": 1,
                "labels": null,
                "name": "employee-ingress",
                "namespace": "employeeprofileapp-dev",
                "resource_version": "109664",
                "uid": "4022dff1-3793-459e-a814-6c44fb6ceadb"
              }
            ],
            "spec": [
              {
                "default_backend": [],
                "ingress_class_name": "nginx",
                "rule": [
                  {
                    "host": "dev.employee.local",
                    "http": [
                      {
                        "path": [
                          {
                            "backend": [
                              {
                                "resource": [],
                                "service": [
                                  {
                                    "name": "employeeprofileapp-dev-employeeprofileapp",
                                    "port": [
                                      {
                                        "name": "",
                                        "number": 80
                                      }
                                    ]
                                  }
                                ]
                              }
                            ],
                            "path": "/",
                            "path_type": "Prefix"
                          }
                        ]
                      }
                    ]
                  }
                ],
                "tls": []
              }
            ],
            "status": [
              {
                "load_balancer": [
                  {
                    "ingress": []
                  }
                ]
              }
            ],
            "timeouts": null,
            "wait_for_load_balancer": null
          },
          "sensitive_attributes": [],
          "identity_schema_version": 1,
          "identity": {
            "api_version": "networking.k8s.io/v1",
            "kind": "Ingress",
            "name": "employee-ingress",
            "namespace": "employeeprofileapp-dev"
          },
          "private": "eyJlMmJmYjczMC1lY2FhLTExZTYtOGY4OC0zNDM2M2JjN2M0YzAiOnsiY3JlYXRlIjoxMjAwMDAwMDAwMDAwLCJkZWxldGUiOjEyMDAwMDAwMDAwMDB9fQ==",
          "dependencies": [
            "module.namespace.kubernetes_namespace_v1.employee_ns"
          ]
        }
      ]
    },
    {
      "module": "module.namespace",
      "mode": "managed",
      "type": "kubernetes_namespace_v1",
      "name": "employee_ns",
      "provider": "provider[\"registry.terraform.io/hashicorp/kubernetes\"]",
      "instances": [
        {
          "schema_version": 0,
          "attributes": {
            "id": "employeeprofileapp-dev",
            "metadata": [
              {
                "annotations": null,
                "generate_name": "",
                "generation": 0,
                "labels": {
                  "app": "employeeprofileapp",
                  "environment": "dev"
                },
                "name": "employeeprofileapp-dev",
                "resource_version": "109654",
                "uid": "5cf2bad0-8ff1-4752-912d-0571eb7be492"
              }
            ],
            "timeouts": null,
            "wait_for_default_service_account": false
          },
          "sensitive_attributes": [],
          "identity_schema_version": 1,
          "identity": {
            "api_version": "v1",
            "kind": "Namespace",
            "name": "employeeprofileapp-dev"
          },
          "private": "eyJlMmJmYjczMC1lY2FhLTExZTYtOGY4OC0zNDM2M2JjN2M0YzAiOnsiZGVsZXRlIjozMDAwMDAwMDAwMDB9fQ=="
        }
      ]
    },
    {
      "module": "module.rbac",
      "mode": "managed",
      "type": "kubernetes_role_binding_v1",
      "name": "app_binding",
      "provider": "provider[\"registry.terraform.io/hashicorp/kubernetes\"]",
      "instances": [
        {
          "schema_version": 0,
          "attributes": {
            "id": "employeeprofileapp-dev/employee-role-binding",
            "metadata": [
              {
                "annotations": null,
                "generate_name": "",
                "generation": 0,
                "labels": null,
                "name": "employee-role-binding",
                "namespace": "employeeprofileapp-dev",
                "resource_version": "109661",
                "uid": "296f5c6f-ce4b-42ed-a63b-03a5e2b71c03"
              }
            ],
            "role_ref": [
              {
                "api_group": "rbac.authorization.k8s.io",
                "kind": "Role",
                "name": "employee-role"
              }
            ],
            "subject": [
              {
                "api_group": "",
                "kind": "ServiceAccount",
                "name": "employee-sa",
                "namespace": "employeeprofileapp-dev"
              }
            ]
          },
          "sensitive_attributes": [],
          "identity_schema_version": 1,
          "identity": {
            "api_version": "rbac.authorization.k8s.io/v1",
            "kind": "RoleBinding",
            "name": "employee-role-binding",
            "namespace": "employeeprofileapp-dev"
          },
          "private": "bnVsbA==",
          "dependencies": [
            "module.namespace.kubernetes_namespace_v1.employee_ns"
          ]
        }
      ]
    },
    {
      "module": "module.rbac",
      "mode": "managed",
      "type": "kubernetes_role_v1",
      "name": "app_role",
      "provider": "provider[\"registry.terraform.io/hashicorp/kubernetes\"]",
      "instances": [
        {
          "schema_version": 0,
          "attributes": {
            "id": "employeeprofileapp-dev/employee-role",
            "metadata": [
              {
                "annotations": null,
                "generate_name": "",
                "generation": 0,
                "labels": null,
                "name": "employee-role",
                "namespace": "employeeprofileapp-dev",
                "resource_version": "109660",
                "uid": "b6d1dc1f-0a6e-4c7a-8dc8-ffb1f5d48255"
              }
            ],
            "rule": [
              {
                "api_groups": [
                  ""
                ],
                "resource_names": null,
                "resources": [
                  "configmaps",
                  "pods",
                  "secrets",
                  "services"
                ],
                "verbs": [
                  "get",
                  "list",
                  "watch"
                ]
              }
            ]
          },
          "sensitive_attributes": [],
          "identity_schema_version": 1,
          "identity": {
            "api_version": "rbac.authorization.k8s.io/v1",
            "kind": "Role",
            "name": "employee-role",
            "namespace": "employeeprofileapp-dev"
          },
          "private": "bnVsbA==",
          "dependencies": [
            "module.namespace.kubernetes_namespace_v1.employee_ns"
          ]
        }
      ]
    },
    {
      "module": "module.rbac",
      "mode": "managed",
      "type": "kubernetes_service_account_v1",
      "name": "app_sa",
      "provider": "provider[\"registry.terraform.io/hashicorp/kubernetes\"]",
      "instances": [
        {
          "schema_version": 0,
          "attributes": {
            "automount_service_account_token": true,
            "default_secret_name": "",
            "id": "employeeprofileapp-dev/employee-sa",
            "image_pull_secret": [],
            "metadata": [
              {
                "annotations": null,
                "generate_name": "",
                "generation": 0,
                "labels": null,
                "name": "employee-sa",
                "namespace": "employeeprofileapp-dev",
                "resource_version": "109658",
                "uid": "b6236bb9-88e3-4aee-9bd7-6b4799b113a0"
              }
            ],
            "secret": [],
            "timeouts": null
          },
          "sensitive_attributes": [],
          "identity_schema_version": 1,
          "identity": {
            "api_version": "v1",
            "kind": "ServiceAccount",
            "name": "employee-sa",
            "namespace": "employeeprofileapp-dev"
          },
          "private": "eyJlMmJmYjczMC1lY2FhLTExZTYtOGY4OC0zNDM2M2JjN2M0YzAiOnsiY3JlYXRlIjozMDAwMDAwMDAwMH19",
          "dependencies": [
            "module.namespace.kubernetes_namespace_v1.employee_ns"
          ]
        }
      ]
    },
    {
      "module": "module.secret",
      "mode": "managed",
      "type": "kubernetes_secret",
      "name": "db_secret",
      "provider": "provider[\"registry.terraform.io/hashicorp/kubernetes\"]",
      "instances": [
        {
          "schema_version": 0,
          "attributes": {
            "binary_data": null,
            "binary_data_wo": null,
            "binary_data_wo_revision": null,
            "data": {
              "DB_PASSWORD": "RGV2UGFzc3dvcmQxMjM="
            },
            "data_wo": null,
            "data_wo_revision": null,
            "id": "employeeprofileapp-dev/employee-db-secret",
            "immutable": false,
            "metadata": [
              {
                "annotations": null,
                "generate_name": "",
                "generation": 0,
                "labels": null,
                "name": "employee-db-secret",
                "namespace": "employeeprofileapp-dev",
                "resource_version": "109659",
                "uid": "d444b2f0-06f4-4413-9a1f-be90dafd8e9b"
              }
            ],
            "timeouts": null,
            "type": "Opaque",
            "wait_for_service_account_token": true
          },
          "sensitive_attributes": [
            [
              {
                "type": "get_attr",
                "value": "binary_data"
              }
            ],
            [
              {
                "type": "get_attr",
                "value": "data"
              }
            ],
            [
              {
                "type": "get_attr",
                "value": "metadata"
              },
              {
                "type": "index",
                "value": {
                  "value": 0,
                  "type": "number"
                }
              },
              {
                "type": "get_attr",
                "value": "name"
              }
            ]
          ],
          "identity_schema_version": 1,
          "identity": {
            "api_version": "v1",
            "kind": "Secret",
            "name": "employee-db-secret",
            "namespace": "employeeprofileapp-dev"
          },
          "private": "eyJlMmJmYjczMC1lY2FhLTExZTYtOGY4OC0zNDM2M2JjN2M0YzAiOnsiY3JlYXRlIjo2MDAwMDAwMDAwMH19",
          "dependencies": [
            "module.namespace.kubernetes_namespace_v1.employee_ns"
          ]
        }
      ]
    }
  ],
  "check_results": null
}
